
Microsoft Visual Studio Solution File, Format Version 12.00
# Visual Studio Version 17
VisualStudioVersion = 17.3.32922.545
MinimumVisualStudioVersion = 10.0.40219.1
Project("{FAE04EC0-301F-11D3-BF4B-00C04F79EFBC}") = "EleicaoTesteUnitario", "EleicaoTesteUnitario.csproj", "{5266F2F1-776E-4ACD-9D0B-E8901EE3DCC5}"
EndProject
Project("{FAE04EC0-301F-11D3-BF4B-00C04F79EFBC}") = "EleicaoTesteUnitario.Teste", "..\EleicaoTesteUnitario.Teste\EleicaoTesteUnitario.Teste.csproj", "{17273D54-E240-4F74-8A34-1B8813FF3A43}"
EndProject
Global
	GlobalSection(SolutionConfigurationPlatforms) = preSolution
		Debug|Any CPU = Debug|Any CPU
		Release|Any CPU = Release|Any CPU
	EndGlobalSection
	GlobalSection(ProjectConfigurationPlatforms) = postSolution
		{5266F2F1-776E-4ACD-9D0B-E8901EE3DCC5}.Debug|Any CPU.ActiveCfg = Debug|Any CPU
		{5266F2F1-776E-4ACD-9D0B-E8901EE3DCC5}.Debug|Any CPU.Build.0 = Debug|Any CPU
		{5266F2F1-776E-4ACD-9D0B-E8901EE3DCC5}.Release|Any CPU.ActiveCfg = Release|Any CPU
		{5266F2F1-776E-4ACD-9D0B-E8901EE3DCC5}.Release|Any CPU.Build.0 = Release|Any CPU
		{17273D54-E240-4F74-8A34-1B8813FF3A43}.Debug|Any CPU.ActiveCfg = Debug|Any CPU
		{17273D54-E240-4F74-8A34-1B8813FF3A43}.Debug|Any CPU.Build.0 = Debug|Any CPU
		{17273D54-E240-4F74-8A34-1B8813FF3A43}.Release|Any CPU.ActiveCfg = Release|Any CPU
		{17273D54-E240-4F74-8A34-1B8813FF3A43}.Release|Any CPU.Build.0 = Release|Any CPU
	EndGlobalSection
	GlobalSection(SolutionProperties) = preSolution
		HideSolutionNode = FALSE
	EndGlobalSection
	GlobalSection(ExtensibilityGlobals) = postSolution
		SolutionGuid = {DFFCF9B0-E09F-4214-9248-555A00E3DE2B}
	EndGlobalSection
EndGlobal
